
Microsoft Visual Studio Solution File, Format Version 12.00
# Visual Studio Version 17
VisualStudioVersion = 17.6.33829.357
MinimumVisualStudioVersion = 10.0.40219.1
Project("{FAE04EC0-301F-11D3-BF4B-00C04F79EFBC}") = "Task 31.7.2023", "Task 31.7.2023\Task 31.7.2023.csproj", "{2671954E-94E6-4508-8115-A93143B6FB3C}"
EndProject
Global
	GlobalSection(SolutionConfigurationPlatforms) = preSolution
		Debug|Any CPU = Debug|Any CPU
		Release|Any CPU = Release|Any CPU
	EndGlobalSection
	GlobalSection(ProjectConfigurationPlatforms) = postSolution
		{2671954E-94E6-4508-8115-A93143B6FB3C}.Debug|Any CPU.ActiveCfg = Debug|Any CPU
		{2671954E-94E6-4508-8115-A93143B6FB3C}.Debug|Any CPU.Build.0 = Debug|Any CPU
		{2671954E-94E6-4508-8115-A93143B6FB3C}.Release|Any CPU.ActiveCfg = Release|Any CPU
		{2671954E-94E6-4508-8115-A93143B6FB3C}.Release|Any CPU.Build.0 = Release|Any CPU
	EndGlobalSection
	GlobalSection(SolutionProperties) = preSolution
		HideSolutionNode = FALSE
	EndGlobalSection
	GlobalSection(ExtensibilityGlobals) = postSolution
		SolutionGuid = {22E1A2E1-1545-402A-9050-A3E4A486D0DB}
	EndGlobalSection
EndGlobal
